
Microsoft Visual Studio Solution File, Format Version 12.00
# Visual Studio Version 17
VisualStudioVersion = 17.14.36327.8
MinimumVisualStudioVersion = 10.0.40219.1
Project("{FAE04EC0-301F-11D3-BF4B-00C04F79EFBC}") = "Syncfusion.JsonForms.MauiDemo", "Syncfusion.JsonForms.MauiDemo.csproj", "{48CD97C0-2016-44DD-B596-2F0AF6B053EC}"
EndProject
Project("{FAE04EC0-301F-11D3-BF4B-00C04F79EFBC}") = "Orbyss.Blazor.Syncfusion.JsonForms", "..\..\src\Orbyss.Blazor.Syncfusion.JsonForms.csproj", "{20443001-E4DA-A556-9468-FD65DC4D0452}"
EndProject
Global
	GlobalSection(SolutionConfigurationPlatforms) = preSolution
		Debug|Any CPU = Debug|Any CPU
		Release|Any CPU = Release|Any CPU
	EndGlobalSection
	GlobalSection(ProjectConfigurationPlatforms) = postSolution
		{48CD97C0-2016-44DD-B596-2F0AF6B053EC}.Debug|Any CPU.ActiveCfg = Debug|Any CPU
		{48CD97C0-2016-44DD-B596-2F0AF6B053EC}.Debug|Any CPU.Build.0 = Debug|Any CPU
		{48CD97C0-2016-44DD-B596-2F0AF6B053EC}.Debug|Any CPU.Deploy.0 = Debug|Any CPU
		{48CD97C0-2016-44DD-B596-2F0AF6B053EC}.Release|Any CPU.ActiveCfg = Release|Any CPU
		{48CD97C0-2016-44DD-B596-2F0AF6B053EC}.Release|Any CPU.Build.0 = Release|Any CPU
		{48CD97C0-2016-44DD-B596-2F0AF6B053EC}.Release|Any CPU.Deploy.0 = Release|Any CPU
		{20443001-E4DA-A556-9468-FD65DC4D0452}.Debug|Any CPU.ActiveCfg = Debug|Any CPU
		{20443001-E4DA-A556-9468-FD65DC4D0452}.Debug|Any CPU.Build.0 = Debug|Any CPU
		{20443001-E4DA-A556-9468-FD65DC4D0452}.Release|Any CPU.ActiveCfg = Release|Any CPU
		{20443001-E4DA-A556-9468-FD65DC4D0452}.Release|Any CPU.Build.0 = Release|Any CPU
	EndGlobalSection
	GlobalSection(SolutionProperties) = preSolution
		HideSolutionNode = FALSE
	EndGlobalSection
	GlobalSection(ExtensibilityGlobals) = postSolution
		SolutionGuid = {20D2AB1F-DCF0-4365-B04D-BF07CCB77027}
	EndGlobalSection
EndGlobal
