
Microsoft Visual Studio Solution File, Format Version 12.00
# Visual Studio Version 17
VisualStudioVersion = 17.14.36327.8
MinimumVisualStudioVersion = 10.0.40219.1
Project("{FAE04EC0-301F-11D3-BF4B-00C04F79EFBC}") = "Orbyss.Blazor.Syncfusion.JsonForms", "src\Orbyss.Blazor.Syncfusion.JsonForms.csproj", "{52C42CB5-BE9B-4C8B-A854-240924A33FD5}"
EndProject
Project("{2150E333-8FDC-42A3-9474-1A3956D46DE8}") = "src", "src", "{02EA681E-C7D8-13C7-8484-4AC65E1B71E8}"
EndProject
Project("{FAE04EC0-301F-11D3-BF4B-00C04F79EFBC}") = "Orbyss.Components.JsonForms", "..\Orbyss.Blazor.JsonForms\src\Orbyss.Components.JsonForms.csproj", "{C7648F3D-CDA6-067B-39D8-D71C27993DE5}"
EndProject
Global
	GlobalSection(SolutionConfigurationPlatforms) = preSolution
		Debug|Any CPU = Debug|Any CPU
		Release|Any CPU = Release|Any CPU
	EndGlobalSection
	GlobalSection(ProjectConfigurationPlatforms) = postSolution
		{52C42CB5-BE9B-4C8B-A854-240924A33FD5}.Debug|Any CPU.ActiveCfg = Debug|Any CPU
		{52C42CB5-BE9B-4C8B-A854-240924A33FD5}.Debug|Any CPU.Build.0 = Debug|Any CPU
		{52C42CB5-BE9B-4C8B-A854-240924A33FD5}.Release|Any CPU.ActiveCfg = Release|Any CPU
		{52C42CB5-BE9B-4C8B-A854-240924A33FD5}.Release|Any CPU.Build.0 = Release|Any CPU
		{C7648F3D-CDA6-067B-39D8-D71C27993DE5}.Debug|Any CPU.ActiveCfg = Debug|Any CPU
		{C7648F3D-CDA6-067B-39D8-D71C27993DE5}.Debug|Any CPU.Build.0 = Debug|Any CPU
		{C7648F3D-CDA6-067B-39D8-D71C27993DE5}.Release|Any CPU.ActiveCfg = Release|Any CPU
		{C7648F3D-CDA6-067B-39D8-D71C27993DE5}.Release|Any CPU.Build.0 = Release|Any CPU
	EndGlobalSection
	GlobalSection(SolutionProperties) = preSolution
		HideSolutionNode = FALSE
	EndGlobalSection
	GlobalSection(NestedProjects) = preSolution
		{52C42CB5-BE9B-4C8B-A854-240924A33FD5} = {02EA681E-C7D8-13C7-8484-4AC65E1B71E8}
	EndGlobalSection
	GlobalSection(ExtensibilityGlobals) = postSolution
		SolutionGuid = {3952B850-2A32-4189-BF7A-01813DFC4189}
	EndGlobalSection
EndGlobal
